Microsoft Visual Studio Solution File, Format Version 12.00
# Visual Studio Version 17
VisualStudioVersion = 17.5.2.0
MinimumVisualStudioVersion = 10.0.40219.1
Project("{FAE04EC0-301F-11D3-BF4B-00C04F79EFBC}") = "ChargingStatus", "ChargingStatus\ChargingStatus.csproj", "{E31E7C85-6BBB-274C-19FA-896496DD793C}"
EndProject
Global
	GlobalSection(SolutionConfigurationPlatforms) = preSolution
		Debug|Any CPU = Debug|Any CPU
		Release|Any CPU = Release|Any CPU
	EndGlobalSection
	GlobalSection(ProjectConfigurationPlatforms) = postSolution
		{E31E7C85-6BBB-274C-19FA-896496DD793C}.Debug|Any CPU.ActiveCfg = Debug|Any CPU
		{E31E7C85-6BBB-274C-19FA-896496DD793C}.Debug|Any CPU.Build.0 = Debug|Any CPU
		{E31E7C85-6BBB-274C-19FA-896496DD793C}.Release|Any CPU.ActiveCfg = Release|Any CPU
		{E31E7C85-6BBB-274C-19FA-896496DD793C}.Release|Any CPU.Build.0 = Release|Any CPU
	EndGlobalSection
	GlobalSection(SolutionProperties) = preSolution
		HideSolutionNode = FALSE
	EndGlobalSection
	GlobalSection(ExtensibilityGlobals) = postSolution
		SolutionGuid = {D1FB09E1-5CBC-4001-898E-B1F9698A72CA}
	EndGlobalSection
EndGlobal
